
Microsoft Visual Studio Solution File, Format Version 12.00
# Visual Studio Version 17
VisualStudioVersion = 17.11.35312.102
MinimumVisualStudioVersion = 10.0.40219.1
Project("{8BC9CEB8-8B4A-11D0-8D11-00A0C91BC942}") = "dz1", "dzs\dzs.vcxproj", "{9D8A0E9C-9AB1-43A4-997B-92E3653667A2}"
EndProject
Project("{8BC9CEB8-8B4A-11D0-8D11-00A0C91BC942}") = "dz2", "dz2\dz2.vcxproj", "{051B67D0-D0F5-4EC3-B63D-786F1B546016}"
EndProject
Project("{8BC9CEB8-8B4A-11D0-8D11-00A0C91BC942}") = "dz3", "dz3\dz3.vcxproj", "{147322A4-35A2-4407-8B3D-DC39EB80E0FB}"
EndProject
Project("{8BC9CEB8-8B4A-11D0-8D11-00A0C91BC942}") = "dz4.1", "dz4\dz4.vcxproj", "{2F776BD1-15C9-40BF-A3FF-2620BED0CDE5}"
EndProject
Project("{2150E333-8FDC-42A3-9474-1A3956D46DE8}") = "dzs4all", "dzs4all", "{B2EF080E-B6A2-4F3E-81B6-F29019CAF9CB}"
EndProject
Project("{8BC9CEB8-8B4A-11D0-8D11-00A0C91BC942}") = "dz4.2", "dz4.2\dz4.2.vcxproj", "{61A25C36-6E7B-4B84-9517-B9A90B0A8242}"
EndProject
Project("{8BC9CEB8-8B4A-11D0-8D11-00A0C91BC942}") = "dz4.3", "dz4.3\dz4.3.vcxproj", "{6F568FD3-B82F-4BFA-939D-BFF31F039BBC}"
EndProject
Project("{8BC9CEB8-8B4A-11D0-8D11-00A0C91BC942}") = "wrgw", "wrgw\wrgw.vcxproj", "{ABC13F1D-12CB-4EFD-922A-B237E617DF96}"
EndProject
Global
	GlobalSection(SolutionConfigurationPlatforms) = preSolution
		Debug|x64 = Debug|x64
		Debug|x86 = Debug|x86
		Release|x64 = Release|x64
		Release|x86 = Release|x86
	EndGlobalSection
	GlobalSection(ProjectConfigurationPlatforms) = postSolution
		{9D8A0E9C-9AB1-43A4-997B-92E3653667A2}.Debug|x64.ActiveCfg = Debug|x64
		{9D8A0E9C-9AB1-43A4-997B-92E3653667A2}.Debug|x64.Build.0 = Debug|x64
		{9D8A0E9C-9AB1-43A4-997B-92E3653667A2}.Debug|x86.ActiveCfg = Debug|Win32
		{9D8A0E9C-9AB1-43A4-997B-92E3653667A2}.Debug|x86.Build.0 = Debug|Win32
		{9D8A0E9C-9AB1-43A4-997B-92E3653667A2}.Release|x64.ActiveCfg = Release|x64
		{9D8A0E9C-9AB1-43A4-997B-92E3653667A2}.Release|x64.Build.0 = Release|x64
		{9D8A0E9C-9AB1-43A4-997B-92E3653667A2}.Release|x86.ActiveCfg = Release|Win32
		{9D8A0E9C-9AB1-43A4-997B-92E3653667A2}.Release|x86.Build.0 = Release|Win32
		{051B67D0-D0F5-4EC3-B63D-786F1B546016}.Debug|x64.ActiveCfg = Debug|x64
		{051B67D0-D0F5-4EC3-B63D-786F1B546016}.Debug|x64.Build.0 = Debug|x64
		{051B67D0-D0F5-4EC3-B63D-786F1B546016}.Debug|x86.ActiveCfg = Debug|Win32
		{051B67D0-D0F5-4EC3-B63D-786F1B546016}.Debug|x86.Build.0 = Debug|Win32
		{051B67D0-D0F5-4EC3-B63D-786F1B546016}.Release|x64.ActiveCfg = Release|x64
		{051B67D0-D0F5-4EC3-B63D-786F1B546016}.Release|x64.Build.0 = Release|x64
		{051B67D0-D0F5-4EC3-B63D-786F1B546016}.Release|x86.ActiveCfg = Release|Win32
		{051B67D0-D0F5-4EC3-B63D-786F1B546016}.Release|x86.Build.0 = Release|Win32
		{147322A4-35A2-4407-8B3D-DC39EB80E0FB}.Debug|x64.ActiveCfg = Debug|x64
		{147322A4-35A2-4407-8B3D-DC39EB80E0FB}.Debug|x64.Build.0 = Debug|x64
		{147322A4-35A2-4407-8B3D-DC39EB80E0FB}.Debug|x86.ActiveCfg = Debug|Win32
		{147322A4-35A2-4407-8B3D-DC39EB80E0FB}.Debug|x86.Build.0 = Debug|Win32
		{147322A4-35A2-4407-8B3D-DC39EB80E0FB}.Release|x64.ActiveCfg = Release|x64
		{147322A4-35A2-4407-8B3D-DC39EB80E0FB}.Release|x64.Build.0 = Release|x64
		{147322A4-35A2-4407-8B3D-DC39EB80E0FB}.Release|x86.ActiveCfg = Release|Win32
		{147322A4-35A2-4407-8B3D-DC39EB80E0FB}.Release|x86.Build.0 = Release|Win32
		{2F776BD1-15C9-40BF-A3FF-2620BED0CDE5}.Debug|x64.ActiveCfg = Debug|x64
		{2F776BD1-15C9-40BF-A3FF-2620BED0CDE5}.Debug|x64.Build.0 = Debug|x64
		{2F776BD1-15C9-40BF-A3FF-2620BED0CDE5}.Debug|x86.ActiveCfg = Debug|Win32
		{2F776BD1-15C9-40BF-A3FF-2620BED0CDE5}.Debug|x86.Build.0 = Debug|Win32
		{2F776BD1-15C9-40BF-A3FF-2620BED0CDE5}.Release|x64.ActiveCfg = Release|x64
		{2F776BD1-15C9-40BF-A3FF-2620BED0CDE5}.Release|x64.Build.0 = Release|x64
		{2F776BD1-15C9-40BF-A3FF-2620BED0CDE5}.Release|x86.ActiveCfg = Release|Win32
		{2F776BD1-15C9-40BF-A3FF-2620BED0CDE5}.Release|x86.Build.0 = Release|Win32
		{61A25C36-6E7B-4B84-9517-B9A90B0A8242}.Debug|x64.ActiveCfg = Debug|x64
		{61A25C36-6E7B-4B84-9517-B9A90B0A8242}.Debug|x64.Build.0 = Debug|x64
		{61A25C36-6E7B-4B84-9517-B9A90B0A8242}.Debug|x86.ActiveCfg = Debug|Win32
		{61A25C36-6E7B-4B84-9517-B9A90B0A8242}.Debug|x86.Build.0 = Debug|Win32
		{61A25C36-6E7B-4B84-9517-B9A90B0A8242}.Release|x64.ActiveCfg = Release|x64
		{61A25C36-6E7B-4B84-9517-B9A90B0A8242}.Release|x64.Build.0 = Release|x64
		{61A25C36-6E7B-4B84-9517-B9A90B0A8242}.Release|x86.ActiveCfg = Release|Win32
		{61A25C36-6E7B-4B84-9517-B9A90B0A8242}.Release|x86.Build.0 = Release|Win32
		{6F568FD3-B82F-4BFA-939D-BFF31F039BBC}.Debug|x64.ActiveCfg = Debug|x64
		{6F568FD3-B82F-4BFA-939D-BFF31F039BBC}.Debug|x64.Build.0 = Debug|x64
		{6F568FD3-B82F-4BFA-939D-BFF31F039BBC}.Debug|x86.ActiveCfg = Debug|Win32
		{6F568FD3-B82F-4BFA-939D-BFF31F039BBC}.Debug|x86.Build.0 = Debug|Win32
		{6F568FD3-B82F-4BFA-939D-BFF31F039BBC}.Release|x64.ActiveCfg = Release|x64
		{6F568FD3-B82F-4BFA-939D-BFF31F039BBC}.Release|x64.Build.0 = Release|x64
		{6F568FD3-B82F-4BFA-939D-BFF31F039BBC}.Release|x86.ActiveCfg = Release|Win32
		{6F568FD3-B82F-4BFA-939D-BFF31F039BBC}.Release|x86.Build.0 = Release|Win32
		{ABC13F1D-12CB-4EFD-922A-B237E617DF96}.Debug|x64.ActiveCfg = Debug|x64
		{ABC13F1D-12CB-4EFD-922A-B237E617DF96}.Debug|x64.Build.0 = Debug|x64
		{ABC13F1D-12CB-4EFD-922A-B237E617DF96}.Debug|x86.ActiveCfg = Debug|Win32
		{ABC13F1D-12CB-4EFD-922A-B237E617DF96}.Debug|x86.Build.0 = Debug|Win32
		{ABC13F1D-12CB-4EFD-922A-B237E617DF96}.Release|x64.ActiveCfg = Release|x64
		{ABC13F1D-12CB-4EFD-922A-B237E617DF96}.Release|x64.Build.0 = Release|x64
		{ABC13F1D-12CB-4EFD-922A-B237E617DF96}.Release|x86.ActiveCfg = Release|Win32
		{ABC13F1D-12CB-4EFD-922A-B237E617DF96}.Release|x86.Build.0 = Release|Win32
	EndGlobalSection
	GlobalSection(SolutionProperties) = preSolution
		HideSolutionNode = FALSE
	EndGlobalSection
	GlobalSection(NestedProjects) = preSolution
		{2F776BD1-15C9-40BF-A3FF-2620BED0CDE5} = {B2EF080E-B6A2-4F3E-81B6-F29019CAF9CB}
		{61A25C36-6E7B-4B84-9517-B9A90B0A8242} = {B2EF080E-B6A2-4F3E-81B6-F29019CAF9CB}
		{6F568FD3-B82F-4BFA-939D-BFF31F039BBC} = {B2EF080E-B6A2-4F3E-81B6-F29019CAF9CB}
	EndGlobalSection
	GlobalSection(ExtensibilityGlobals) = postSolution
		SolutionGuid = {835D881D-D414-44A0-9F7C-A1F3BCAFF2BE}
	EndGlobalSection
EndGlobal
